
Microsoft Visual Studio Solution File, Format Version 12.00
Project("{FAE04EC0-301F-11D3-BF4B-00C04F79EFBC}") = "HotChocolateSubgraph", "HotChocolateSubgraph\HotChocolateSubgraph.csproj", "{D9204478-5D52-4E93-BD9F-C4B7BCE9B136}"
EndProject
Global
	GlobalSection(SolutionConfigurationPlatforms) = preSolution
		Debug|Any CPU = Debug|Any CPU
		Release|Any CPU = Release|Any CPU
	EndGlobalSection
	GlobalSection(ProjectConfigurationPlatforms) = postSolution
		{D9204478-5D52-4E93-BD9F-C4B7BCE9B136}.Debug|Any CPU.ActiveCfg = Debug|Any CPU
		{D9204478-5D52-4E93-BD9F-C4B7BCE9B136}.Debug|Any CPU.Build.0 = Debug|Any CPU
		{D9204478-5D52-4E93-BD9F-C4B7BCE9B136}.Release|Any CPU.ActiveCfg = Release|Any CPU
		{D9204478-5D52-4E93-BD9F-C4B7BCE9B136}.Release|Any CPU.Build.0 = Release|Any CPU
	EndGlobalSection
EndGlobal
